
Microsoft Visual Studio Solution File, Format Version 12.00
# Visual Studio 15
VisualStudioVersion = 15.0.28010.2048
MinimumVisualStudioVersion = 10.0.40219.1
Project("{FAE04EC0-301F-11D3-BF4B-00C04F79EFBC}") = "WinSvcApp", "WinSvcApp\WinSvcApp.csproj", "{0C5CE44B-2BBE-4CFD-92E7-840B2538D671}"
EndProject
Global
	GlobalSection(SolutionConfigurationPlatforms) = preSolution
		Debug|Any CPU = Debug|Any CPU
		Release|Any CPU = Release|Any CPU
	EndGlobalSection
	GlobalSection(ProjectConfigurationPlatforms) = postSolution
		{0C5CE44B-2BBE-4CFD-92E7-840B2538D671}.Debug|Any CPU.ActiveCfg = Debug|Any CPU
		{0C5CE44B-2BBE-4CFD-92E7-840B2538D671}.Debug|Any CPU.Build.0 = Debug|Any CPU
		{0C5CE44B-2BBE-4CFD-92E7-840B2538D671}.Release|Any CPU.ActiveCfg = Release|Any CPU
		{0C5CE44B-2BBE-4CFD-92E7-840B2538D671}.Release|Any CPU.Build.0 = Release|Any CPU
	EndGlobalSection
	GlobalSection(SolutionProperties) = preSolution
		HideSolutionNode = FALSE
	EndGlobalSection
	GlobalSection(ExtensibilityGlobals) = postSolution
		SolutionGuid = {9AC0CFBB-D09E-4A41-8326-ED1584136141}
	EndGlobalSection
EndGlobal
